{
  "nodes": {
    "jupyterWith": {
      "flake": false,
      "locked": {
        "lastModified": 1603365529,
        "narHash": "sha256-s/G12sE6euRAHLA1tn0yIicE6P+PMChJa1q2cPievxo=",
        "owner": "TethysSvensson",
        "repo": "jupyterWith",
        "rev": "daad81179fc8b58ea7f4ab036ba0a4db0fdfdf57",
        "type": "github"
      },
      "original": {
        "owner": "TethysSvensson",
        "repo": "jupyterWith",
        "type": "github"
      }
    },
    "nixpkgs": {
      "locked": {
        "lastModified": 1603785508,
        "narHash": "sha256-aVhMd31J32DWdjGsSNOglG45dxf+D26EU21BXoov90c=",
        "owner": "NixOS",
        "repo": "nixpkgs",
        "rev": "13d0c311e3ae923a00f734b43fd1d35b47d8943a",
        "type": "github"
      },
      "original": {
        "owner": "NixOS",
        "ref": "nixos-20.09",
        "repo": "nixpkgs",
        "type": "github"
      }
    },
    "root": {
      "inputs": {
        "jupyterWith": "jupyterWith",
        "nixpkgs": "nixpkgs"
      }
    }
  },
  "root": "root",
  "version": 7
}
