{
  "nodes": {
    "jupyterWith": {
      "flake": false,
      "locked": {
        "lastModified": 1603365529,
        "narHash": "sha256-s/G12sE6euRAHLA1tn0yIicE6P+PMChJa1q2cPievxo=",
        "owner": "TethysSvensson",
        "repo": "jupyterWith",
        "rev": "daad81179fc8b58ea7f4ab036ba0a4db0fdfdf57",
        "type": "github"
      },
      "original": {
        "owner": "TethysSvensson",
        "repo": "jupyterWith",
        "type": "github"
      }
    },
    "nixpkgs": {
      "locked": {
        "lastModified": 1610842533,
        "narHash": "sha256-6hW8CML8RnNrRJMv7E56rXAhsCNgUM97HIVSqWxnO64=",
        "owner": "NixOS",
        "repo": "nixpkgs",
        "rev": "68398d2dd50efc2d878bf0f83bbc8bc323b6b0e0",
        "type": "github"
      },
      "original": {
        "owner": "NixOS",
        "ref": "nixos-unstable",
        "repo": "nixpkgs",
        "type": "github"
      }
    },
    "root": {
      "inputs": {
        "jupyterWith": "jupyterWith",
        "nixpkgs": "nixpkgs"
      }
    }
  },
  "root": "root",
  "version": 7
}
