{
  "nodes": {
    "jupyterWith": {
      "flake": false,
      "locked": {
        "lastModified": 1603365529,
        "narHash": "sha256-s/G12sE6euRAHLA1tn0yIicE6P+PMChJa1q2cPievxo=",
        "owner": "TethysSvensson",
        "repo": "jupyterWith",
        "rev": "daad81179fc8b58ea7f4ab036ba0a4db0fdfdf57",
        "type": "github"
      },
      "original": {
        "owner": "TethysSvensson",
        "repo": "jupyterWith",
        "type": "github"
      }
    },
    "nixpkgs": {
      "locked": {
        "lastModified": 1601171649,
        "narHash": "sha256-G3RUAi2DUq6r3ntASLS+LZC/Eamot55W1+xmBOgEh3M=",
        "owner": "NixOS",
        "repo": "nixpkgs",
        "rev": "84d74ae9c9cbed73274b8e4e00be14688ffc93fe",
        "type": "github"
      },
      "original": {
        "owner": "NixOS",
        "ref": "nixos-unstable",
        "repo": "nixpkgs",
        "type": "github"
      }
    },
    "root": {
      "inputs": {
        "jupyterWith": "jupyterWith",
        "nixpkgs": "nixpkgs"
      }
    }
  },
  "root": "root",
  "version": 7
}
